
Microsoft Visual Studio Solution File, Format Version 12.00
# Visual Studio Version 17
VisualStudioVersion = 17.0.31903.59
MinimumVisualStudioVersion = 10.0.40219.1
Project("{2150E333-8FDC-42A3-9474-1A3956D46DE8}") = "src", "src", "{0639BF70-EA59-4820-B0AF-90E3EC23E084}"
EndProject
Project("{FAE04EC0-301F-11D3-BF4B-00C04F79EFBC}") = "Zilean.ApiService", "src\Zilean.ApiService\Zilean.ApiService.csproj", "{7C26F187-7FD3-45DE-A67B-59E5D21B3872}"
EndProject
Project("{2150E333-8FDC-42A3-9474-1A3956D46DE8}") = "eng", "eng", "{49EC8AF3-9A9C-4291-A6DE-5BE594C50604}"
	ProjectSection(SolutionItems) = preProject
		Directory.Build.props = Directory.Build.props
		Directory.Build.targets = Directory.Build.targets
		Directory.Packages.props = Directory.Packages.props
		Dockerfile = Dockerfile
		compose.yaml = compose.yaml
		README.md = README.md
		eng\compose-dev.yaml = eng\compose-dev.yaml
	EndProjectSection
EndProject
Project("{2150E333-8FDC-42A3-9474-1A3956D46DE8}") = "k6", "k6", "{3F62995D-FA0F-434F-B90A-5E59C5960A4A}"
	ProjectSection(SolutionItems) = preProject
		k6\high_load_test.js = k6\high_load_test.js
		k6\stress_test.js = k6\stress_test.js
		k6\performance_test.js = k6\performance_test.js
	EndProjectSection
EndProject
Project("{2150E333-8FDC-42A3-9474-1A3956D46DE8}") = "github", "github", "{CF4C966D-25AC-4A2A-8C25-DBA4EB905E23}"
	ProjectSection(SolutionItems) = preProject
		.github\workflows\cicd.yaml = .github\workflows\cicd.yaml
	EndProjectSection
EndProject
Project("{FAE04EC0-301F-11D3-BF4B-00C04F79EFBC}") = "Zilean.DmmScraper", "src\Zilean.DmmScraper\Zilean.DmmScraper.csproj", "{192B767E-7CFA-4F72-A9CA-35BE2CEE46FD}"
EndProject
Project("{FAE04EC0-301F-11D3-BF4B-00C04F79EFBC}") = "Zilean.Shared", "src\Zilean.Shared\Zilean.Shared.csproj", "{85F3D012-6CA4-43D3-A08F-0A93FA739F46}"
EndProject
Project("{2150E333-8FDC-42A3-9474-1A3956D46DE8}") = "tests", "tests", "{46ADD71A-7CD1-44A5-A1B6-71DF6020BE89}"
EndProject
Project("{FAE04EC0-301F-11D3-BF4B-00C04F79EFBC}") = "Zilean.Tests", "tests\Zilean.Tests\Zilean.Tests.csproj", "{3F8985A4-7E1C-48A0-89A5-47790470023E}"
EndProject
Project("{FAE04EC0-301F-11D3-BF4B-00C04F79EFBC}") = "Zilean.Benchmarks", "src\Zilean.Benchmarks\Zilean.Benchmarks.csproj", "{C8928623-D494-473A-A234-BEC3BED1686A}"
EndProject
Project("{2150E333-8FDC-42A3-9474-1A3956D46DE8}") = "scripts", "scripts", "{DAAA1DC4-1FDB-4AB6-9D65-420BDE3EE171}"
	ProjectSection(SolutionItems) = preProject
		eng\install-python-reqs-benchmarks.sh = eng\install-python-reqs-benchmarks.sh
		eng\install-python-reqs-dmmscraper.sh = eng\install-python-reqs-dmmscraper.sh
		eng\create-new-migration.sh = eng\create-new-migration.sh
	EndProjectSection
EndProject
Project("{2150E333-8FDC-42A3-9474-1A3956D46DE8}") = "Internal Apps", "Internal Apps", "{2042A18C-6933-4FE9-B4F6-E164BE2D514A}"
EndProject
Project("{FAE04EC0-301F-11D3-BF4B-00C04F79EFBC}") = "Zilean.Database", "src\Zilean.Database\Zilean.Database.csproj", "{78E2BCCD-5DF2-4A81-8D5A-C882BB147428}"
EndProject
Global
	GlobalSection(SolutionConfigurationPlatforms) = preSolution
		Debug|Any CPU = Debug|Any CPU
		Release|Any CPU = Release|Any CPU
	EndGlobalSection
	GlobalSection(SolutionProperties) = preSolution
		HideSolutionNode = FALSE
	EndGlobalSection
	GlobalSection(ProjectConfigurationPlatforms) = postSolution
		{7C26F187-7FD3-45DE-A67B-59E5D21B3872}.Debug|Any CPU.ActiveCfg = Debug|Any CPU
		{7C26F187-7FD3-45DE-A67B-59E5D21B3872}.Debug|Any CPU.Build.0 = Debug|Any CPU
		{7C26F187-7FD3-45DE-A67B-59E5D21B3872}.Release|Any CPU.ActiveCfg = Release|Any CPU
		{7C26F187-7FD3-45DE-A67B-59E5D21B3872}.Release|Any CPU.Build.0 = Release|Any CPU
		{192B767E-7CFA-4F72-A9CA-35BE2CEE46FD}.Debug|Any CPU.ActiveCfg = Debug|Any CPU
		{192B767E-7CFA-4F72-A9CA-35BE2CEE46FD}.Debug|Any CPU.Build.0 = Debug|Any CPU
		{192B767E-7CFA-4F72-A9CA-35BE2CEE46FD}.Release|Any CPU.ActiveCfg = Release|Any CPU
		{192B767E-7CFA-4F72-A9CA-35BE2CEE46FD}.Release|Any CPU.Build.0 = Release|Any CPU
		{85F3D012-6CA4-43D3-A08F-0A93FA739F46}.Debug|Any CPU.ActiveCfg = Debug|Any CPU
		{85F3D012-6CA4-43D3-A08F-0A93FA739F46}.Debug|Any CPU.Build.0 = Debug|Any CPU
		{85F3D012-6CA4-43D3-A08F-0A93FA739F46}.Release|Any CPU.ActiveCfg = Release|Any CPU
		{85F3D012-6CA4-43D3-A08F-0A93FA739F46}.Release|Any CPU.Build.0 = Release|Any CPU
		{3F8985A4-7E1C-48A0-89A5-47790470023E}.Debug|Any CPU.ActiveCfg = Debug|Any CPU
		{3F8985A4-7E1C-48A0-89A5-47790470023E}.Debug|Any CPU.Build.0 = Debug|Any CPU
		{3F8985A4-7E1C-48A0-89A5-47790470023E}.Release|Any CPU.ActiveCfg = Release|Any CPU
		{3F8985A4-7E1C-48A0-89A5-47790470023E}.Release|Any CPU.Build.0 = Release|Any CPU
		{C8928623-D494-473A-A234-BEC3BED1686A}.Debug|Any CPU.ActiveCfg = Debug|Any CPU
		{C8928623-D494-473A-A234-BEC3BED1686A}.Debug|Any CPU.Build.0 = Debug|Any CPU
		{C8928623-D494-473A-A234-BEC3BED1686A}.Release|Any CPU.ActiveCfg = Release|Any CPU
		{C8928623-D494-473A-A234-BEC3BED1686A}.Release|Any CPU.Build.0 = Release|Any CPU
		{78E2BCCD-5DF2-4A81-8D5A-C882BB147428}.Debug|Any CPU.ActiveCfg = Debug|Any CPU
		{78E2BCCD-5DF2-4A81-8D5A-C882BB147428}.Debug|Any CPU.Build.0 = Debug|Any CPU
		{78E2BCCD-5DF2-4A81-8D5A-C882BB147428}.Release|Any CPU.ActiveCfg = Release|Any CPU
		{78E2BCCD-5DF2-4A81-8D5A-C882BB147428}.Release|Any CPU.Build.0 = Release|Any CPU
	EndGlobalSection
	GlobalSection(NestedProjects) = preSolution
		{7C26F187-7FD3-45DE-A67B-59E5D21B3872} = {0639BF70-EA59-4820-B0AF-90E3EC23E084}
		{3F62995D-FA0F-434F-B90A-5E59C5960A4A} = {49EC8AF3-9A9C-4291-A6DE-5BE594C50604}
		{CF4C966D-25AC-4A2A-8C25-DBA4EB905E23} = {49EC8AF3-9A9C-4291-A6DE-5BE594C50604}
		{85F3D012-6CA4-43D3-A08F-0A93FA739F46} = {0639BF70-EA59-4820-B0AF-90E3EC23E084}
		{3F8985A4-7E1C-48A0-89A5-47790470023E} = {46ADD71A-7CD1-44A5-A1B6-71DF6020BE89}
		{DAAA1DC4-1FDB-4AB6-9D65-420BDE3EE171} = {49EC8AF3-9A9C-4291-A6DE-5BE594C50604}
		{192B767E-7CFA-4F72-A9CA-35BE2CEE46FD} = {2042A18C-6933-4FE9-B4F6-E164BE2D514A}
		{C8928623-D494-473A-A234-BEC3BED1686A} = {49EC8AF3-9A9C-4291-A6DE-5BE594C50604}
		{78E2BCCD-5DF2-4A81-8D5A-C882BB147428} = {0639BF70-EA59-4820-B0AF-90E3EC23E084}
	EndGlobalSection
EndGlobal
